
Microsoft Visual Studio Solution File, Format Version 12.00
# Visual Studio 15
VisualStudioVersion = 15.0.27703.2018
MinimumVisualStudioVersion = 10.0.40219.1
Project("{8BC9CEB8-8B4A-11D0-8D11-00A0C91BC942}") = "DirectedGraph", "DirectedGraph.vcxproj", "{0DD03380-2DA9-4BC8-8262-2BB05C830EAD}"
EndProject
Global
	GlobalSection(SolutionConfigurationPlatforms) = preSolution
		Debug|x64 = Debug|x64
		Debug|x86 = Debug|x86
		Release|x64 = Release|x64
		Release|x86 = Release|x86
	EndGlobalSection
	GlobalSection(ProjectConfigurationPlatforms) = postSolution
		{0DD03380-2DA9-4BC8-8262-2BB05C830EAD}.Debug|x64.ActiveCfg = Debug|x64
		{0DD03380-2DA9-4BC8-8262-2BB05C830EAD}.Debug|x64.Build.0 = Debug|x64
		{0DD03380-2DA9-4BC8-8262-2BB05C830EAD}.Debug|x86.ActiveCfg = Debug|Win32
		{0DD03380-2DA9-4BC8-8262-2BB05C830EAD}.Debug|x86.Build.0 = Debug|Win32
		{0DD03380-2DA9-4BC8-8262-2BB05C830EAD}.Release|x64.ActiveCfg = Release|x64
		{0DD03380-2DA9-4BC8-8262-2BB05C830EAD}.Release|x64.Build.0 = Release|x64
		{0DD03380-2DA9-4BC8-8262-2BB05C830EAD}.Release|x86.ActiveCfg = Release|Win32
		{0DD03380-2DA9-4BC8-8262-2BB05C830EAD}.Release|x86.Build.0 = Release|Win32
	EndGlobalSection
	GlobalSection(SolutionProperties) = preSolution
		HideSolutionNode = FALSE
	EndGlobalSection
	GlobalSection(ExtensibilityGlobals) = postSolution
		SolutionGuid = {AF900D19-10BE-4F6C-B6E1-2166A495791A}
	EndGlobalSection
EndGlobal
